
Microsoft Visual Studio Solution File, Format Version 12.00
# Visual Studio 2013
VisualStudioVersion = 12.0.21005.1
MinimumVisualStudioVersion = 10.0.40219.1
Project("{FAE04EC0-301F-11D3-BF4B-00C04F79EFBC}") = "Grameen", "Grameen\Grameen.csproj", "{FD07F142-9EF1-4152-9093-546D0BE58C59}"
EndProject
Project("{FAE04EC0-301F-11D3-BF4B-00C04F79EFBC}") = "Logic", "Logic\Logic.csproj", "{AB6423A6-93C1-4D73-BD7E-3662D6E54AA4}"
EndProject
Global
	GlobalSection(SolutionConfigurationPlatforms) = preSolution
		Debug|Any CPU = Debug|Any CPU
		Release|Any CPU = Release|Any CPU
	EndGlobalSection
	GlobalSection(ProjectConfigurationPlatforms) = postSolution
		{FD07F142-9EF1-4152-9093-546D0BE58C59}.Debug|Any CPU.ActiveCfg = Debug|Any CPU
		{FD07F142-9EF1-4152-9093-546D0BE58C59}.Debug|Any CPU.Build.0 = Debug|Any CPU
		{FD07F142-9EF1-4152-9093-546D0BE58C59}.Release|Any CPU.ActiveCfg = Release|Any CPU
		{FD07F142-9EF1-4152-9093-546D0BE58C59}.Release|Any CPU.Build.0 = Release|Any CPU
		{AB6423A6-93C1-4D73-BD7E-3662D6E54AA4}.Debug|Any CPU.ActiveCfg = Debug|Any CPU
		{AB6423A6-93C1-4D73-BD7E-3662D6E54AA4}.Debug|Any CPU.Build.0 = Debug|Any CPU
		{AB6423A6-93C1-4D73-BD7E-3662D6E54AA4}.Release|Any CPU.ActiveCfg = Release|Any CPU
		{AB6423A6-93C1-4D73-BD7E-3662D6E54AA4}.Release|Any CPU.Build.0 = Release|Any CPU
	EndGlobalSection
	GlobalSection(SolutionProperties) = preSolution
		HideSolutionNode = FALSE
	EndGlobalSection
EndGlobal
